
Microsoft Visual Studio Solution File, Format Version 12.00
# Visual Studio Version 17
VisualStudioVersion = 17.14.36414.22 d17.14
MinimumVisualStudioVersion = 10.0.40219.1
Project("{FAE04EC0-301F-11D3-BF4B-00C04F79EFBC}") = "RummikubApp", "RummikubApp\RummikubApp.csproj", "{BF18B876-D5FA-4956-8B3E-904E09E1C140}"
EndProject
Global
	GlobalSection(SolutionConfigurationPlatforms) = preSolution
		Debug|Any CPU = Debug|Any CPU
		Release|Any CPU = Release|Any CPU
	EndGlobalSection
	GlobalSection(ProjectConfigurationPlatforms) = postSolution
		{BF18B876-D5FA-4956-8B3E-904E09E1C140}.Debug|Any CPU.ActiveCfg = Debug|Any CPU
		{BF18B876-D5FA-4956-8B3E-904E09E1C140}.Debug|Any CPU.Build.0 = Debug|Any CPU
		{BF18B876-D5FA-4956-8B3E-904E09E1C140}.Debug|Any CPU.Deploy.0 = Debug|Any CPU
		{BF18B876-D5FA-4956-8B3E-904E09E1C140}.Release|Any CPU.ActiveCfg = Release|Any CPU
		{BF18B876-D5FA-4956-8B3E-904E09E1C140}.Release|Any CPU.Build.0 = Release|Any CPU
		{BF18B876-D5FA-4956-8B3E-904E09E1C140}.Release|Any CPU.Deploy.0 = Release|Any CPU
	EndGlobalSection
	GlobalSection(SolutionProperties) = preSolution
		HideSolutionNode = FALSE
	EndGlobalSection
	GlobalSection(ExtensibilityGlobals) = postSolution
		SolutionGuid = {9BB5E9B6-0445-43E8-8275-FAC0A8144337}
	EndGlobalSection
EndGlobal
